
Microsoft Visual Studio Solution File, Format Version 12.00
# Visual Studio Version 16
VisualStudioVersion = 16.0.31727.386
MinimumVisualStudioVersion = 10.0.40219.1
Project("{FAE04EC0-301F-11D3-BF4B-00C04F79EFBC}") = "MvcPlanlayiciProje", "MvcPlanlayiciProje\MvcPlanlayiciProje.csproj", "{A466A960-FAAA-47AF-BC8C-5DB9012F61DF}"
EndProject
Global
	GlobalSection(SolutionConfigurationPlatforms) = preSolution
		Debug|Any CPU = Debug|Any CPU
		Release|Any CPU = Release|Any CPU
	EndGlobalSection
	GlobalSection(ProjectConfigurationPlatforms) = postSolution
		{A466A960-FAAA-47AF-BC8C-5DB9012F61DF}.Debug|Any CPU.ActiveCfg = Debug|Any CPU
		{A466A960-FAAA-47AF-BC8C-5DB9012F61DF}.Debug|Any CPU.Build.0 = Debug|Any CPU
		{A466A960-FAAA-47AF-BC8C-5DB9012F61DF}.Release|Any CPU.ActiveCfg = Release|Any CPU
		{A466A960-FAAA-47AF-BC8C-5DB9012F61DF}.Release|Any CPU.Build.0 = Release|Any CPU
	EndGlobalSection
	GlobalSection(SolutionProperties) = preSolution
		HideSolutionNode = FALSE
	EndGlobalSection
	GlobalSection(ExtensibilityGlobals) = postSolution
		SolutionGuid = {22476C21-2A49-40F6-99EF-7750EF9AF035}
	EndGlobalSection
EndGlobal
